
Microsoft Visual Studio Solution File, Format Version 12.00
# Visual Studio 15
Project("{FAE04EC0-301F-11D3-BF4B-00C04F79EFBC}") = "Assembly-CSharp-firstpass", "Assembly-CSharp-firstpass.csproj", "{8FCC7097-5820-A9EA-A8B6-82AFB4D8BE3A}"
EndProject
Project("{FAE04EC0-301F-11D3-BF4B-00C04F79EFBC}") = "Assembly-CSharp", "Assembly-CSharp.csproj", "{D2CD3059-7B73-7D39-0FDD-95B0D0E40168}"
EndProject
Project("{FAE04EC0-301F-11D3-BF4B-00C04F79EFBC}") = "Assembly-CSharp-Editor", "Assembly-CSharp-Editor.csproj", "{02B70EA5-C7D6-79A6-B8CB-68AC7E3C796A}"
EndProject
Global
	GlobalSection(SolutionConfigurationPlatforms) = preSolution
		Debug|Any CPU = Debug|Any CPU
		Release|Any CPU = Release|Any CPU
	EndGlobalSection
	GlobalSection(ProjectConfigurationPlatforms) = postSolution
		{8FCC7097-5820-A9EA-A8B6-82AFB4D8BE3A}.Debug|Any CPU.ActiveCfg = Debug|Any CPU
		{8FCC7097-5820-A9EA-A8B6-82AFB4D8BE3A}.Debug|Any CPU.Build.0 = Debug|Any CPU
		{8FCC7097-5820-A9EA-A8B6-82AFB4D8BE3A}.Release|Any CPU.ActiveCfg = Release|Any CPU
		{8FCC7097-5820-A9EA-A8B6-82AFB4D8BE3A}.Release|Any CPU.Build.0 = Release|Any CPU
		{D2CD3059-7B73-7D39-0FDD-95B0D0E40168}.Debug|Any CPU.ActiveCfg = Debug|Any CPU
		{D2CD3059-7B73-7D39-0FDD-95B0D0E40168}.Debug|Any CPU.Build.0 = Debug|Any CPU
		{D2CD3059-7B73-7D39-0FDD-95B0D0E40168}.Release|Any CPU.ActiveCfg = Release|Any CPU
		{D2CD3059-7B73-7D39-0FDD-95B0D0E40168}.Release|Any CPU.Build.0 = Release|Any CPU
		{02B70EA5-C7D6-79A6-B8CB-68AC7E3C796A}.Debug|Any CPU.ActiveCfg = Debug|Any CPU
		{02B70EA5-C7D6-79A6-B8CB-68AC7E3C796A}.Debug|Any CPU.Build.0 = Debug|Any CPU
		{02B70EA5-C7D6-79A6-B8CB-68AC7E3C796A}.Release|Any CPU.ActiveCfg = Release|Any CPU
		{02B70EA5-C7D6-79A6-B8CB-68AC7E3C796A}.Release|Any CPU.Build.0 = Release|Any CPU
	EndGlobalSection
	GlobalSection(SolutionProperties) = preSolution
		HideSolutionNode = FALSE
	EndGlobalSection
EndGlobal
